
Microsoft Visual Studio Solution File, Format Version 12.00
# Visual Studio Version 16
VisualStudioVersion = 16.0.31624.102
MinimumVisualStudioVersion = 10.0.40219.1
Project("{8BC9CEB8-8B4A-11D0-8D11-00A0C91BC942}") = "baekjoon_algorithm5", "baekjoon_algorithm5\baekjoon_algorithm5.vcxproj", "{883ED5FD-CCF2-47C5-B662-2BE6BA7814BC}"
EndProject
Global
	GlobalSection(SolutionConfigurationPlatforms) = preSolution
		Debug|x64 = Debug|x64
		Debug|x86 = Debug|x86
		Release|x64 = Release|x64
		Release|x86 = Release|x86
	EndGlobalSection
	GlobalSection(ProjectConfigurationPlatforms) = postSolution
		{883ED5FD-CCF2-47C5-B662-2BE6BA7814BC}.Debug|x64.ActiveCfg = Debug|x64
		{883ED5FD-CCF2-47C5-B662-2BE6BA7814BC}.Debug|x64.Build.0 = Debug|x64
		{883ED5FD-CCF2-47C5-B662-2BE6BA7814BC}.Debug|x86.ActiveCfg = Debug|Win32
		{883ED5FD-CCF2-47C5-B662-2BE6BA7814BC}.Debug|x86.Build.0 = Debug|Win32
		{883ED5FD-CCF2-47C5-B662-2BE6BA7814BC}.Release|x64.ActiveCfg = Release|x64
		{883ED5FD-CCF2-47C5-B662-2BE6BA7814BC}.Release|x64.Build.0 = Release|x64
		{883ED5FD-CCF2-47C5-B662-2BE6BA7814BC}.Release|x86.ActiveCfg = Release|Win32
		{883ED5FD-CCF2-47C5-B662-2BE6BA7814BC}.Release|x86.Build.0 = Release|Win32
	EndGlobalSection
	GlobalSection(SolutionProperties) = preSolution
		HideSolutionNode = FALSE
	EndGlobalSection
	GlobalSection(ExtensibilityGlobals) = postSolution
		SolutionGuid = {9D52A1C5-842C-4274-89C4-225717FDED4E}
	EndGlobalSection
EndGlobal
